
Microsoft Visual Studio Solution File, Format Version 12.00
# Visual Studio 2013
VisualStudioVersion = 12.0.31101.0
MinimumVisualStudioVersion = 10.0.40219.1
Project("{FAE04EC0-301F-11D3-BF4B-00C04F79EFBC}") = "SampleDataTable", "SampleDataTable\SampleDataTable\SampleDataTable.csproj", "{C3CAC487-4C0A-48E6-8E4D-7FD08EA22B21}"
EndProject
Project("{FAE04EC0-301F-11D3-BF4B-00C04F79EFBC}") = "SampleDataTable.iOS", "SampleDataTable\SampleDataTable.iOS\SampleDataTable.iOS.csproj", "{BF55D883-9740-444A-95CC-1FC994168E1E}"
EndProject
Project("{FAE04EC0-301F-11D3-BF4B-00C04F79EFBC}") = "SampleDataTable.Droid", "SampleDataTable\SampleDataTable.Droid\SampleDataTable.Droid.csproj", "{A37BF120-9401-4AEB-90C2-80636255FD1F}"
EndProject
Global
	GlobalSection(SolutionConfigurationPlatforms) = preSolution
		Ad-Hoc|Any CPU = Ad-Hoc|Any CPU
		Ad-Hoc|iPhone = Ad-Hoc|iPhone
		Ad-Hoc|iPhoneSimulator = Ad-Hoc|iPhoneSimulator
		Ad-Hoc|Mixed Platforms = Ad-Hoc|Mixed Platforms
		AppStore|Any CPU = AppStore|Any CPU
		AppStore|iPhone = AppStore|iPhone
		AppStore|iPhoneSimulator = AppStore|iPhoneSimulator
		AppStore|Mixed Platforms = AppStore|Mixed Platforms
		Debug|Any CPU = Debug|Any CPU
		Debug|iPhone = Debug|iPhone
		Debug|iPhoneSimulator = Debug|iPhoneSimulator
		Debug|Mixed Platforms = Debug|Mixed Platforms
		Release|Any CPU = Release|Any CPU
		Release|iPhone = Release|iPhone
		Release|iPhoneSimulator = Release|iPhoneSimulator
		Release|Mixed Platforms = Release|Mixed Platforms
	EndGlobalSection
	GlobalSection(ProjectConfigurationPlatforms) = postSolution
		{C3CAC487-4C0A-48E6-8E4D-7FD08EA22B21}.Ad-Hoc|Any CPU.ActiveCfg = Release|Any CPU
		{C3CAC487-4C0A-48E6-8E4D-7FD08EA22B21}.Ad-Hoc|Any CPU.Build.0 = Release|Any CPU
		{C3CAC487-4C0A-48E6-8E4D-7FD08EA22B21}.Ad-Hoc|iPhone.ActiveCfg = Release|Any CPU
		{C3CAC487-4C0A-48E6-8E4D-7FD08EA22B21}.Ad-Hoc|iPhoneSimulator.ActiveCfg = Release|Any CPU
		{C3CAC487-4C0A-48E6-8E4D-7FD08EA22B21}.Ad-Hoc|Mixed Platforms.ActiveCfg = Release|Any CPU
		{C3CAC487-4C0A-48E6-8E4D-7FD08EA22B21}.Ad-Hoc|Mixed Platforms.Build.0 = Release|Any CPU
		{C3CAC487-4C0A-48E6-8E4D-7FD08EA22B21}.AppStore|Any CPU.ActiveCfg = Release|Any CPU
		{C3CAC487-4C0A-48E6-8E4D-7FD08EA22B21}.AppStore|Any CPU.Build.0 = Release|Any CPU
		{C3CAC487-4C0A-48E6-8E4D-7FD08EA22B21}.AppStore|iPhone.ActiveCfg = Release|Any CPU
		{C3CAC487-4C0A-48E6-8E4D-7FD08EA22B21}.AppStore|iPhoneSimulator.ActiveCfg = Release|Any CPU
		{C3CAC487-4C0A-48E6-8E4D-7FD08EA22B21}.AppStore|Mixed Platforms.ActiveCfg = Release|Any CPU
		{C3CAC487-4C0A-48E6-8E4D-7FD08EA22B21}.AppStore|Mixed Platforms.Build.0 = Release|Any CPU
		{C3CAC487-4C0A-48E6-8E4D-7FD08EA22B21}.Debug|Any CPU.ActiveCfg = Debug|Any CPU
		{C3CAC487-4C0A-48E6-8E4D-7FD08EA22B21}.Debug|Any CPU.Build.0 = Debug|Any CPU
		{C3CAC487-4C0A-48E6-8E4D-7FD08EA22B21}.Debug|iPhone.ActiveCfg = Debug|Any CPU
		{C3CAC487-4C0A-48E6-8E4D-7FD08EA22B21}.Debug|iPhoneSimulator.ActiveCfg = Debug|Any CPU
		{C3CAC487-4C0A-48E6-8E4D-7FD08EA22B21}.Debug|Mixed Platforms.ActiveCfg = Debug|Any CPU
		{C3CAC487-4C0A-48E6-8E4D-7FD08EA22B21}.Debug|Mixed Platforms.Build.0 = Debug|Any CPU
		{C3CAC487-4C0A-48E6-8E4D-7FD08EA22B21}.Release|Any CPU.ActiveCfg = Release|Any CPU
		{C3CAC487-4C0A-48E6-8E4D-7FD08EA22B21}.Release|Any CPU.Build.0 = Release|Any CPU
		{C3CAC487-4C0A-48E6-8E4D-7FD08EA22B21}.Release|iPhone.ActiveCfg = Release|Any CPU
		{C3CAC487-4C0A-48E6-8E4D-7FD08EA22B21}.Release|iPhoneSimulator.ActiveCfg = Release|Any CPU
		{C3CAC487-4C0A-48E6-8E4D-7FD08EA22B21}.Release|Mixed Platforms.ActiveCfg = Release|Any CPU
		{C3CAC487-4C0A-48E6-8E4D-7FD08EA22B21}.Release|Mixed Platforms.Build.0 = Release|Any CPU
		{BF55D883-9740-444A-95CC-1FC994168E1E}.Ad-Hoc|Any CPU.ActiveCfg = Ad-Hoc|iPhone
		{BF55D883-9740-444A-95CC-1FC994168E1E}.Ad-Hoc|iPhone.ActiveCfg = Ad-Hoc|iPhone
		{BF55D883-9740-444A-95CC-1FC994168E1E}.Ad-Hoc|iPhone.Build.0 = Ad-Hoc|iPhone
		{BF55D883-9740-444A-95CC-1FC994168E1E}.Ad-Hoc|iPhoneSimulator.ActiveCfg = Ad-Hoc|iPhoneSimulator
		{BF55D883-9740-444A-95CC-1FC994168E1E}.Ad-Hoc|iPhoneSimulator.Build.0 = Ad-Hoc|iPhoneSimulator
		{BF55D883-9740-444A-95CC-1FC994168E1E}.Ad-Hoc|Mixed Platforms.ActiveCfg = Ad-Hoc|iPhone
		{BF55D883-9740-444A-95CC-1FC994168E1E}.Ad-Hoc|Mixed Platforms.Build.0 = Ad-Hoc|iPhone
		{BF55D883-9740-444A-95CC-1FC994168E1E}.AppStore|Any CPU.ActiveCfg = AppStore|iPhone
		{BF55D883-9740-444A-95CC-1FC994168E1E}.AppStore|iPhone.ActiveCfg = AppStore|iPhone
		{BF55D883-9740-444A-95CC-1FC994168E1E}.AppStore|iPhone.Build.0 = AppStore|iPhone
		{BF55D883-9740-444A-95CC-1FC994168E1E}.AppStore|iPhoneSimulator.ActiveCfg = AppStore|iPhoneSimulator
		{BF55D883-9740-444A-95CC-1FC994168E1E}.AppStore|iPhoneSimulator.Build.0 = AppStore|iPhoneSimulator
		{BF55D883-9740-444A-95CC-1FC994168E1E}.AppStore|Mixed Platforms.ActiveCfg = AppStore|iPhone
		{BF55D883-9740-444A-95CC-1FC994168E1E}.AppStore|Mixed Platforms.Build.0 = AppStore|iPhone
		{BF55D883-9740-444A-95CC-1FC994168E1E}.Debug|Any CPU.ActiveCfg = Debug|iPhone
		{BF55D883-9740-444A-95CC-1FC994168E1E}.Debug|iPhone.ActiveCfg = Debug|iPhone
		{BF55D883-9740-444A-95CC-1FC994168E1E}.Debug|iPhone.Build.0 = Debug|iPhone
		{BF55D883-9740-444A-95CC-1FC994168E1E}.Debug|iPhoneSimulator.ActiveCfg = Debug|iPhoneSimulator
		{BF55D883-9740-444A-95CC-1FC994168E1E}.Debug|iPhoneSimulator.Build.0 = Debug|iPhoneSimulator
		{BF55D883-9740-444A-95CC-1FC994168E1E}.Debug|Mixed Platforms.ActiveCfg = Debug|iPhone
		{BF55D883-9740-444A-95CC-1FC994168E1E}.Debug|Mixed Platforms.Build.0 = Debug|iPhone
		{BF55D883-9740-444A-95CC-1FC994168E1E}.Release|Any CPU.ActiveCfg = Release|iPhone
		{BF55D883-9740-444A-95CC-1FC994168E1E}.Release|iPhone.ActiveCfg = Release|iPhone
		{BF55D883-9740-444A-95CC-1FC994168E1E}.Release|iPhone.Build.0 = Release|iPhone
		{BF55D883-9740-444A-95CC-1FC994168E1E}.Release|iPhoneSimulator.ActiveCfg = Release|iPhoneSimulator
		{BF55D883-9740-444A-95CC-1FC994168E1E}.Release|iPhoneSimulator.Build.0 = Release|iPhoneSimulator
		{BF55D883-9740-444A-95CC-1FC994168E1E}.Release|Mixed Platforms.ActiveCfg = Release|iPhone
		{BF55D883-9740-444A-95CC-1FC994168E1E}.Release|Mixed Platforms.Build.0 = Release|iPhone
		{A37BF120-9401-4AEB-90C2-80636255FD1F}.Ad-Hoc|Any CPU.ActiveCfg = Release|Any CPU
		{A37BF120-9401-4AEB-90C2-80636255FD1F}.Ad-Hoc|Any CPU.Build.0 = Release|Any CPU
		{A37BF120-9401-4AEB-90C2-80636255FD1F}.Ad-Hoc|Any CPU.Deploy.0 = Release|Any CPU
		{A37BF120-9401-4AEB-90C2-80636255FD1F}.Ad-Hoc|iPhone.ActiveCfg = Release|Any CPU
		{A37BF120-9401-4AEB-90C2-80636255FD1F}.Ad-Hoc|iPhoneSimulator.ActiveCfg = Release|Any CPU
		{A37BF120-9401-4AEB-90C2-80636255FD1F}.Ad-Hoc|Mixed Platforms.ActiveCfg = Release|Any CPU
		{A37BF120-9401-4AEB-90C2-80636255FD1F}.Ad-Hoc|Mixed Platforms.Build.0 = Release|Any CPU
		{A37BF120-9401-4AEB-90C2-80636255FD1F}.Ad-Hoc|Mixed Platforms.Deploy.0 = Release|Any CPU
		{A37BF120-9401-4AEB-90C2-80636255FD1F}.AppStore|Any CPU.ActiveCfg = Release|Any CPU
		{A37BF120-9401-4AEB-90C2-80636255FD1F}.AppStore|Any CPU.Build.0 = Release|Any CPU
		{A37BF120-9401-4AEB-90C2-80636255FD1F}.AppStore|Any CPU.Deploy.0 = Release|Any CPU
		{A37BF120-9401-4AEB-90C2-80636255FD1F}.AppStore|iPhone.ActiveCfg = Release|Any CPU
		{A37BF120-9401-4AEB-90C2-80636255FD1F}.AppStore|iPhoneSimulator.ActiveCfg = Release|Any CPU
		{A37BF120-9401-4AEB-90C2-80636255FD1F}.AppStore|Mixed Platforms.ActiveCfg = Release|Any CPU
		{A37BF120-9401-4AEB-90C2-80636255FD1F}.AppStore|Mixed Platforms.Build.0 = Release|Any CPU
		{A37BF120-9401-4AEB-90C2-80636255FD1F}.AppStore|Mixed Platforms.Deploy.0 = Release|Any CPU
		{A37BF120-9401-4AEB-90C2-80636255FD1F}.Debug|Any CPU.ActiveCfg = Debug|Any CPU
		{A37BF120-9401-4AEB-90C2-80636255FD1F}.Debug|Any CPU.Build.0 = Debug|Any CPU
		{A37BF120-9401-4AEB-90C2-80636255FD1F}.Debug|Any CPU.Deploy.0 = Debug|Any CPU
		{A37BF120-9401-4AEB-90C2-80636255FD1F}.Debug|iPhone.ActiveCfg = Debug|Any CPU
		{A37BF120-9401-4AEB-90C2-80636255FD1F}.Debug|iPhoneSimulator.ActiveCfg = Debug|Any CPU
		{A37BF120-9401-4AEB-90C2-80636255FD1F}.Debug|Mixed Platforms.ActiveCfg = Debug|Any CPU
		{A37BF120-9401-4AEB-90C2-80636255FD1F}.Debug|Mixed Platforms.Build.0 = Debug|Any CPU
		{A37BF120-9401-4AEB-90C2-80636255FD1F}.Debug|Mixed Platforms.Deploy.0 = Debug|Any CPU
		{A37BF120-9401-4AEB-90C2-80636255FD1F}.Release|Any CPU.ActiveCfg = Release|Any CPU
		{A37BF120-9401-4AEB-90C2-80636255FD1F}.Release|Any CPU.Build.0 = Release|Any CPU
		{A37BF120-9401-4AEB-90C2-80636255FD1F}.Release|Any CPU.Deploy.0 = Release|Any CPU
		{A37BF120-9401-4AEB-90C2-80636255FD1F}.Release|iPhone.ActiveCfg = Release|Any CPU
		{A37BF120-9401-4AEB-90C2-80636255FD1F}.Release|iPhoneSimulator.ActiveCfg = Release|Any CPU
		{A37BF120-9401-4AEB-90C2-80636255FD1F}.Release|Mixed Platforms.ActiveCfg = Release|Any CPU
		{A37BF120-9401-4AEB-90C2-80636255FD1F}.Release|Mixed Platforms.Build.0 = Release|Any CPU
		{A37BF120-9401-4AEB-90C2-80636255FD1F}.Release|Mixed Platforms.Deploy.0 = Release|Any CPU
	EndGlobalSection
	GlobalSection(SolutionProperties) = preSolution
		HideSolutionNode = FALSE
	EndGlobalSection
EndGlobal
